
Microsoft Visual Studio Solution File, Format Version 12.00
# Visual Studio Version 17
VisualStudioVersion = 17.2.32630.192
MinimumVisualStudioVersion = 10.0.40219.1
Project("{8BC9CEB8-8B4A-11D0-8D11-00A0C91BC942}") = "BigDouble", "BigDouble\BigDouble.vcxproj", "{6B9FD8F5-EC54-4E92-921F-CDD8112B858C}"
EndProject
Global
	GlobalSection(SolutionConfigurationPlatforms) = preSolution
		Debug|x64 = Debug|x64
		Debug|x86 = Debug|x86
		Release|x64 = Release|x64
		Release|x86 = Release|x86
	EndGlobalSection
	GlobalSection(ProjectConfigurationPlatforms) = postSolution
		{6B9FD8F5-EC54-4E92-921F-CDD8112B858C}.Debug|x64.ActiveCfg = Debug|x64
		{6B9FD8F5-EC54-4E92-921F-CDD8112B858C}.Debug|x64.Build.0 = Debug|x64
		{6B9FD8F5-EC54-4E92-921F-CDD8112B858C}.Debug|x86.ActiveCfg = Debug|Win32
		{6B9FD8F5-EC54-4E92-921F-CDD8112B858C}.Debug|x86.Build.0 = Debug|Win32
		{6B9FD8F5-EC54-4E92-921F-CDD8112B858C}.Release|x64.ActiveCfg = Release|x64
		{6B9FD8F5-EC54-4E92-921F-CDD8112B858C}.Release|x64.Build.0 = Release|x64
		{6B9FD8F5-EC54-4E92-921F-CDD8112B858C}.Release|x86.ActiveCfg = Release|Win32
		{6B9FD8F5-EC54-4E92-921F-CDD8112B858C}.Release|x86.Build.0 = Release|Win32
	EndGlobalSection
	GlobalSection(SolutionProperties) = preSolution
		HideSolutionNode = FALSE
	EndGlobalSection
	GlobalSection(ExtensibilityGlobals) = postSolution
		SolutionGuid = {1D4C78A4-0EFF-4B43-8583-3F4B71A34554}
	EndGlobalSection
EndGlobal
